
Microsoft Visual Studio Solution File, Format Version 12.00
# Visual Studio Version 17
VisualStudioVersion = 17.1.32328.378
MinimumVisualStudioVersion = 10.0.40219.1
Project("{FAE04EC0-301F-11D3-BF4B-00C04F79EFBC}") = "Semaihavacılık_yigit_atalay", "Semaihavacılık_yigit_atalay\Semaihavacılık_yigit_atalay.csproj", "{502BE69D-5E5C-4199-A889-8C15614A6707}"
EndProject
Global
	GlobalSection(SolutionConfigurationPlatforms) = preSolution
		Debug|Any CPU = Debug|Any CPU
		Release|Any CPU = Release|Any CPU
	EndGlobalSection
	GlobalSection(ProjectConfigurationPlatforms) = postSolution
		{502BE69D-5E5C-4199-A889-8C15614A6707}.Debug|Any CPU.ActiveCfg = Debug|Any CPU
		{502BE69D-5E5C-4199-A889-8C15614A6707}.Debug|Any CPU.Build.0 = Debug|Any CPU
		{502BE69D-5E5C-4199-A889-8C15614A6707}.Release|Any CPU.ActiveCfg = Release|Any CPU
		{502BE69D-5E5C-4199-A889-8C15614A6707}.Release|Any CPU.Build.0 = Release|Any CPU
	EndGlobalSection
	GlobalSection(SolutionProperties) = preSolution
		HideSolutionNode = FALSE
	EndGlobalSection
	GlobalSection(ExtensibilityGlobals) = postSolution
		SolutionGuid = {10583BD0-9EA9-4C90-AD7F-5514320DFC39}
	EndGlobalSection
EndGlobal
